// !$*UTF8*$!
{
	archiveVersion = 1;
	classes = {
	};
	objectVersion = 56;
	objects = {

/* Begin PBXBuildFile section */
		D9AC306E2D9529E100A51ADE /* AppDelegate.swift in Sources */ = {isa = PBXBuildFile; fileRef = D9AC306D2D9529E100A51ADE /* AppDelegate.swift */; };
		D9AC30702D9529E100A51ADE /* SceneDelegate.swift in Sources */ = {isa = PBXBuildFile; fileRef = D9AC306F2D9529E100A51ADE /* SceneDelegate.swift */; };
		D9AC30722D9529E100A51ADE /* ViewController.swift in Sources */ = {isa = PBXBuildFile; fileRef = D9AC30712D9529E100A51ADE /* ViewController.swift */; };
		D9AC30752D9529E100A51ADE /* Base in Resources */ = {isa = PBXBuildFile; fileRef = D9AC30742D9529E100A51ADE /* Base */; };
		D9AC30772D9529E200A51ADE /* Assets.xcassets in Resources */ = {isa = PBXBuildFile; fileRef = D9AC30762D9529E200A51ADE /* Assets.xcassets */; };
		D9AC307A2D9529E200A51ADE /* Base in Resources */ = {isa = PBXBuildFile; fileRef = D9AC30792D9529E200A51ADE /* Base */; };
		D9AC30852D9529E200A51ADE /* autoDriveTests.swift in Sources */ = {isa = PBXBuildFile; fileRef = D9AC30842D9529E200A51ADE /* autoDriveTests.swift */; };
		D9AC308F2D9529E200A51ADE /* autoDriveUITests.swift in Sources */ = {isa = PBXBuildFile; fileRef = D9AC308E2D9529E200A51ADE /* autoDriveUITests.swift */; };
		D9AC30912D9529E200A51ADE /* autoDriveUITestsLaunchTests.swift in Sources */ = {isa = PBXBuildFile; fileRef = D9AC30902D9529E200A51ADE /* autoDriveUITestsLaunchTests.swift */; };
/* End PBXBuildFile section */

/* Begin PBXContainerItemProxy section */
		D9AC30812D9529E200A51ADE /* PBXContainerItemProxy */ = {
			isa = PBXContainerItemProxy;
			containerPortal = D9AC30622D9529E100A51ADE /* Project object */;
			proxyType = 1;
			remoteGlobalIDString = D9AC30692D9529E100A51ADE;
			remoteInfo = autoDrive;
		};
		D9AC308B2D9529E200A51ADE /* PBXContainerItemProxy */ = {
			isa = PBXContainerItemProxy;
			containerPortal = D9AC30622D9529E100A51ADE /* Project object */;
			proxyType = 1;
			remoteGlobalIDString = D9AC30692D9529E100A51ADE;
			remoteInfo = autoDrive;
		};
/* End PBXContainerItemProxy section */

/* Begin PBXFileReference section */
		D9AC306A2D9529E100A51ADE /* autoDrive.app */ = {isa = PBXFileReference; explicitFileType = wrapper.application; includeInIndex = 0; path = autoDrive.app; sourceTree = BUILT_PRODUCTS_DIR; };
		D9AC306D2D9529E100A51ADE /* AppDelegate.swift */ = {isa = PBXFileReference; lastKnownFileType = sourcecode.swift; path = AppDelegate.swift; sourceTree = "<group>"; };
		D9AC306F2D9529E100A51ADE /* SceneDelegate.swift */ = {isa = PBXFileReference; lastKnownFileType = sourcecode.swift; path = SceneDelegate.swift; sourceTree = "<group>"; };
		D9AC30712D9529E100A51ADE /* ViewController.swift */ = {isa = PBXFileReference; lastKnownFileType = sourcecode.swift; path = ViewController.swift; sourceTree = "<group>"; };
		D9AC30742D9529E100A51ADE /* Base */ = {isa = PBXFileReference; lastKnownFileType = file.storyboard; name = Base; path = Base.lproj/Main.storyboard; sourceTree = "<group>"; };
		D9AC30762D9529E200A51ADE /* Assets.xcassets */ = {isa = PBXFileReference; lastKnownFileType = folder.assetcatalog; path = Assets.xcassets; sourceTree = "<group>"; };
		D9AC30792D9529E200A51ADE /* Base */ = {isa = PBXFileReference; lastKnownFileType = file.storyboard; name = Base; path = Base.lproj/LaunchScreen.storyboard; sourceTree = "<group>"; };
		D9AC307B2D9529E200A51ADE /* Info.plist */ = {isa = PBXFileReference; lastKnownFileType = text.plist.xml; path = Info.plist; sourceTree = "<group>"; };
		D9AC30802D9529E200A51ADE /* autoDriveTests.xctest */ = {isa = PBXFileReference; explicitFileType = wrapper.cfbundle; includeInIndex = 0; path = autoDriveTests.xctest; sourceTree = BUILT_PRODUCTS_DIR; };
		D9AC30842D9529E200A51ADE /* autoDriveTests.swift */ = {isa = PBXFileReference; lastKnownFileType = sourcecode.swift; path = autoDriveTests.swift; sourceTree = "<group>"; };
		D9AC308A2D9529E200A51ADE /* autoDriveUITests.xctest */ = {isa = PBXFileReference; explicitFileType = wrapper.cfbundle; includeInIndex = 0; path = autoDriveUITests.xctest; sourceTree = BUILT_PRODUCTS_DIR; };
		D9AC308E2D9529E200A51ADE /* autoDriveUITests.swift */ = {isa = PBXFileReference; lastKnownFileType = sourcecode.swift; path = autoDriveUITests.swift; sourceTree = "<group>"; };
		D9AC30902D9529E200A51ADE /* autoDriveUITestsLaunchTests.swift */ = {isa = PBXFileReference; lastKnownFileType = sourcecode.swift; path = autoDriveUITestsLaunchTests.swift; sourceTree = "<group>"; };
/* End PBXFileReference section */

/* Begin PBXFrameworksBuildPhase section */
		D9AC30672D9529E100A51ADE /* Frameworks */ = {
			isa = PBXFrameworksBuildPhase;
			buildActionMask = 2147483647;
			files = (
			);
			runOnlyForDeploymentPostprocessing = 0;
		};
		D9AC307D2D9529E200A51ADE /* Frameworks */ = {
			isa = PBXFrameworksBuildPhase;
			buildActionMask = 2147483647;
			files = (
			);
			runOnlyForDeploymentPostprocessing = 0;
		};
		D9AC30872D9529E200A51ADE /* Frameworks */ = {
			isa = PBXFrameworksBuildPhase;
			buildActionMask = 2147483647;
			files = (
			);
			runOnlyForDeploymentPostprocessing = 0;
		};
/* End PBXFrameworksBuildPhase section */

/* Begin PBXGroup section */
		D9AC30612D9529E100A51ADE = {
			isa = PBXGroup;
			children = (
				D9AC306C2D9529E100A51ADE /* autoDrive */,
				D9AC30832D9529E200A51ADE /* autoDriveTests */,
				D9AC308D2D9529E200A51ADE /* autoDriveUITests */,
				D9AC306B2D9529E100A51ADE /* Products */,
			);
			sourceTree = "<group>";
		};
		D9AC306B2D9529E100A51ADE /* Products */ = {
			isa = PBXGroup;
			children = (
				D9AC306A2D9529E100A51ADE /* autoDrive.app */,
				D9AC30802D9529E200A51ADE /* autoDriveTests.xctest */,
				D9AC308A2D9529E200A51ADE /* autoDriveUITests.xctest */,
			);
			name = Products;
			sourceTree = "<group>";
		};
		D9AC306C2D9529E100A51ADE /* autoDrive */ = {
			isa = PBXGroup;
			children = (
				D9AC306D2D9529E100A51ADE /* AppDelegate.swift */,
				D9AC306F2D9529E100A51ADE /* SceneDelegate.swift */,
				D9AC30712D9529E100A51ADE /* ViewController.swift */,
				D9AC30732D9529E100A51ADE /* Main.storyboard */,
				D9AC30762D9529E200A51ADE /* Assets.xcassets */,
				D9AC30782D9529E200A51ADE /* LaunchScreen.storyboard */,
				D9AC307B2D9529E200A51ADE /* Info.plist */,
			);
			path = autoDrive;
			sourceTree = "<group>";
		};
		D9AC30832D9529E200A51ADE /* autoDriveTests */ = {
			isa = PBXGroup;
			children = (
				D9AC30842D9529E200A51ADE /* autoDriveTests.swift */,
			);
			path = autoDriveTests;
			sourceTree = "<group>";
		};
		D9AC308D2D9529E200A51ADE /* autoDriveUITests */ = {
			isa = PBXGroup;
			children = (
				D9AC308E2D9529E200A51ADE /* autoDriveUITests.swift */,
				D9AC30902D9529E200A51ADE /* autoDriveUITestsLaunchTests.swift */,
			);
			path = autoDriveUITests;
			sourceTree = "<group>";
		};
/* End PBXGroup section */

/* Begin PBXNativeTarget section */
		D9AC30692D9529E100A51ADE /* autoDrive */ = {
			isa = PBXNativeTarget;
			buildConfigurationList = D9AC30942D9529E200A51ADE /* Build configuration list for PBXNativeTarget "autoDrive" */;
			buildPhases = (
				D9AC30662D9529E100A51ADE /* Sources */,
				D9AC30672D9529E100A51ADE /* Frameworks */,
				D9AC30682D9529E100A51ADE /* Resources */,
			);
			buildRules = (
			);
			dependencies = (
			);
			name = autoDrive;
			productName = autoDrive;
			productReference = D9AC306A2D9529E100A51ADE /* autoDrive.app */;
			productType = "com.apple.product-type.application";
		};
		D9AC307F2D9529E200A51ADE /* autoDriveTests */ = {
			isa = PBXNativeTarget;
			buildConfigurationList = D9AC30972D9529E200A51ADE /* Build configuration list for PBXNativeTarget "autoDriveTests" */;
			buildPhases = (
				D9AC307C2D9529E200A51ADE /* Sources */,
				D9AC307D2D9529E200A51ADE /* Frameworks */,
				D9AC307E2D9529E200A51ADE /* Resources */,
			);
			buildRules = (
			);
			dependencies = (
				D9AC30822D9529E200A51ADE /* PBXTargetDependency */,
			);
			name = autoDriveTests;
			productName = autoDriveTests;
			productReference = D9AC30802D9529E200A51ADE /* autoDriveTests.xctest */;
			productType = "com.apple.product-type.bundle.unit-test";
		};
		D9AC30892D9529E200A51ADE /* autoDriveUITests */ = {
			isa = PBXNativeTarget;
			buildConfigurationList = D9AC309A2D9529E200A51ADE /* Build configuration list for PBXNativeTarget "autoDriveUITests" */;
			buildPhases = (
				D9AC30862D9529E200A51ADE /* Sources */,
				D9AC30872D9529E200A51ADE /* Frameworks */,
				D9AC30882D9529E200A51ADE /* Resources */,
			);
			buildRules = (
			);
			dependencies = (
				D9AC308C2D9529E200A51ADE /* PBXTargetDependency */,
			);
			name = autoDriveUITests;
			productName = autoDriveUITests;
			productReference = D9AC308A2D9529E200A51ADE /* autoDriveUITests.xctest */;
			productType = "com.apple.product-type.bundle.ui-testing";
		};
/* End PBXNativeTarget section */

/* Begin PBXProject section */
		D9AC30622D9529E100A51ADE /* Project object */ = {
			isa = PBXProject;
			attributes = {
				BuildIndependentTargetsInParallel = 1;
				LastSwiftUpdateCheck = 1540;
				LastUpgradeCheck = 1540;
				TargetAttributes = {
					D9AC30692D9529E100A51ADE = {
						CreatedOnToolsVersion = 15.4;
					};
					D9AC307F2D9529E200A51ADE = {
						CreatedOnToolsVersion = 15.4;
						TestTargetID = D9AC30692D9529E100A51ADE;
					};
					D9AC30892D9529E200A51ADE = {
						CreatedOnToolsVersion = 15.4;
						TestTargetID = D9AC30692D9529E100A51ADE;
					};
				};
			};
			buildConfigurationList = D9AC30652D9529E100A51ADE /* Build configuration list for PBXProject "autoDrive" */;
			compatibilityVersion = "Xcode 14.0";
			developmentRegion = en;
			hasScannedForEncodings = 0;
			knownRegions = (
				en,
				Base,
			);
			mainGroup = D9AC30612D9529E100A51ADE;
			productRefGroup = D9AC306B2D9529E100A51ADE /* Products */;
			projectDirPath = "";
			projectRoot = "";
			targets = (
				D9AC30692D9529E100A51ADE /* autoDrive */,
				D9AC307F2D9529E200A51ADE /* autoDriveTests */,
				D9AC30892D9529E200A51ADE /* autoDriveUITests */,
			);
		};
/* End PBXProject section */

/* Begin PBXResourcesBuildPhase section */
		D9AC30682D9529E100A51ADE /* Resources */ = {
			isa = PBXResourcesBuildPhase;
			buildActionMask = 2147483647;
			files = (
				D9AC30772D9529E200A51ADE /* Assets.xcassets in Resources */,
				D9AC307A2D9529E200A51ADE /* Base in Resources */,
				D9AC30752D9529E100A51ADE /* Base in Resources */,
			);
			runOnlyForDeploymentPostprocessing = 0;
		};
		D9AC307E2D9529E200A51ADE /* Resources */ = {
			isa = PBXResourcesBuildPhase;
			buildActionMask = 2147483647;
			files = (
			);
			runOnlyForDeploymentPostprocessing = 0;
		};
		D9AC30882D9529E200A51ADE /* Resources */ = {
			isa = PBXResourcesBuildPhase;
			buildActionMask = 2147483647;
			files = (
			);
			runOnlyForDeploymentPostprocessing = 0;
		};
/* End PBXResourcesBuildPhase section */

/* Begin PBXSourcesBuildPhase section */
		D9AC30662D9529E100A51ADE /* Sources */ = {
			isa = PBXSourcesBuildPhase;
			buildActionMask = 2147483647;
			files = (
				D9AC30722D9529E100A51ADE /* ViewController.swift in Sources */,
				D9AC306E2D9529E100A51ADE /* AppDelegate.swift in Sources */,
				D9AC30702D9529E100A51ADE /* SceneDelegate.swift in Sources */,
			);
			runOnlyForDeploymentPostprocessing = 0;
		};
		D9AC307C2D9529E200A51ADE /* Sources */ = {
			isa = PBXSourcesBuildPhase;
			buildActionMask = 2147483647;
			files = (
				D9AC30852D9529E200A51ADE /* autoDriveTests.swift in Sources */,
			);
			runOnlyForDeploymentPostprocessing = 0;
		};
		D9AC30862D9529E200A51ADE /* Sources */ = {
			isa = PBXSourcesBuildPhase;
			buildActionMask = 2147483647;
			files = (
				D9AC30912D9529E200A51ADE /* autoDriveUITestsLaunchTests.swift in Sources */,
				D9AC308F2D9529E200A51ADE /* autoDriveUITests.swift in Sources */,
			);
			runOnlyForDeploymentPostprocessing = 0;
		};
/* End PBXSourcesBuildPhase section */

/* Begin PBXTargetDependency section */
		D9AC30822D9529E200A51ADE /* PBXTargetDependency */ = {
			isa = PBXTargetDependency;
			target = D9AC30692D9529E100A51ADE /* autoDrive */;
			targetProxy = D9AC30812D9529E200A51ADE /* PBXContainerItemProxy */;
		};
		D9AC308C2D9529E200A51ADE /* PBXTargetDependency */ = {
			isa = PBXTargetDependency;
			target = D9AC30692D9529E100A51ADE /* autoDrive */;
			targetProxy = D9AC308B2D9529E200A51ADE /* PBXContainerItemProxy */;
		};
/* End PBXTargetDependency section */

/* Begin PBXVariantGroup section */
		D9AC30732D9529E100A51ADE /* Main.storyboard */ = {
			isa = PBXVariantGroup;
			children = (
				D9AC30742D9529E100A51ADE /* Base */,
			);
			name = Main.storyboard;
			sourceTree = "<group>";
		};
		D9AC30782D9529E200A51ADE /* LaunchScreen.storyboard */ = {
			isa = PBXVariantGroup;
			children = (
				D9AC30792D9529E200A51ADE /* Base */,
			);
			name = LaunchScreen.storyboard;
			sourceTree = "<group>";
		};
/* End PBXVariantGroup section */

/* Begin XCBuildConfiguration section */
		D9AC30922D9529E200A51ADE /* Debug */ = {
			isa = XCBuildConfiguration;
			buildSettings = {
				ALWAYS_SEARCH_USER_PATHS = NO;
				ASSETCATALOG_COMPILER_GENERATE_SWIFT_ASSET_SYMBOL_EXTENSIONS = YES;
				CLANG_ANALYZER_NONNULL = YES;
				CLANG_ANALYZER_NUMBER_OBJECT_CONVERSION = YES_AGGRESSIVE;
				CLANG_CXX_LANGUAGE_STANDARD = "gnu++20";
				CLANG_ENABLE_MODULES = YES;
				CLANG_ENABLE_OBJC_ARC = YES;
				CLANG_ENABLE_OBJC_WEAK = YES;
				CLANG_WARN_BLOCK_CAPTURE_AUTORELEASING = YES;
				CLANG_WARN_BOOL_CONVERSION = YES;
				CLANG_WARN_COMMA = YES;
				CLANG_WARN_CONSTANT_CONVERSION = YES;
				CLANG_WARN_DEPRECATED_OBJC_IMPLEMENTATIONS = YES;
				CLANG_WARN_DIRECT_OBJC_ISA_USAGE = YES_ERROR;
				CLANG_WARN_DOCUMENTATION_COMMENTS = YES;
				CLANG_WARN_EMPTY_BODY = YES;
				CLANG_WARN_ENUM_CONVERSION = YES;
				CLANG_WARN_INFINITE_RECURSION = YES;
				CLANG_WARN_INT_CONVERSION = YES;
				CLANG_WARN_NON_LITERAL_NULL_CONVERSION = YES;
				CLANG_WARN_OBJC_IMPLICIT_RETAIN_SELF = YES;
				CLANG_WARN_OBJC_LITERAL_CONVERSION = YES;
				CLANG_WARN_OBJC_ROOT_CLASS = YES_ERROR;
				CLANG_WARN_QUOTED_INCLUDE_IN_FRAMEWORK_HEADER = YES;
				CLANG_WARN_RANGE_LOOP_ANALYSIS = YES;
				CLANG_WARN_STRICT_PROTOTYPES = YES;
				CLANG_WARN_SUSPICIOUS_MOVE = YES;
				CLANG_WARN_UNGUARDED_AVAILABILITY = YES_AGGRESSIVE;
				CLANG_WARN_UNREACHABLE_CODE = YES;
				CLANG_WARN__DUPLICATE_METHOD_MATCH = YES;
				COPY_PHASE_STRIP = NO;
				DEBUG_INFORMATION_FORMAT = dwarf;
				ENABLE_STRICT_OBJC_MSGSEND = YES;
				ENABLE_TESTABILITY = YES;
				ENABLE_USER_SCRIPT_SANDBOXING = YES;
				GCC_C_LANGUAGE_STANDARD = gnu17;
				GCC_DYNAMIC_NO_PIC = NO;
				GCC_NO_COMMON_BLOCKS = YES;
				GCC_OPTIMIZATION_LEVEL = 0;
				GCC_PREPROCESSOR_DEFINITIONS = (
					"DEBUG=1",
					"$(inherited)",
				);
				GCC_WARN_64_TO_32_BIT_CONVERSION = YES;
				GCC_WARN_ABOUT_RETURN_TYPE = YES_ERROR;
				GCC_WARN_UNDECLARED_SELECTOR = YES;
				GCC_WARN_UNINITIALIZED_AUTOS = YES_AGGRESSIVE;
				GCC_WARN_UNUSED_FUNCTION = YES;
				GCC_WARN_UNUSED_VARIABLE = YES;
				IPHONEOS_DEPLOYMENT_TARGET = 17.5;
				LOCALIZATION_PREFERS_STRING_CATALOGS = YES;
				MTL_ENABLE_DEBUG_INFO = INCLUDE_SOURCE;
				MTL_FAST_MATH = YES;
				ONLY_ACTIVE_ARCH = YES;
				SDKROOT = iphoneos;
				SWIFT_ACTIVE_COMPILATION_CONDITIONS = "DEBUG $(inherited)";
				SWIFT_OPTIMIZATION_LEVEL = "-Onone";
			};
			name = Debug;
		};
		D9AC30932D9529E200A51ADE /* Release */ = {
			isa = XCBuildConfiguration;
			buildSettings = {
				ALWAYS_SEARCH_USER_PATHS = NO;
				ASSETCATALOG_COMPILER_GENERATE_SWIFT_ASSET_SYMBOL_EXTENSIONS = YES;
				CLANG_ANALYZER_NONNULL = YES;
				CLANG_ANALYZER_NUMBER_OBJECT_CONVERSION = YES_AGGRESSIVE;
				CLANG_CXX_LANGUAGE_STANDARD = "gnu++20";
				CLANG_ENABLE_MODULES = YES;
				CLANG_ENABLE_OBJC_ARC = YES;
				CLANG_ENABLE_OBJC_WEAK = YES;
				CLANG_WARN_BLOCK_CAPTURE_AUTORELEASING = YES;
				CLANG_WARN_BOOL_CONVERSION = YES;
				CLANG_WARN_COMMA = YES;
				CLANG_WARN_CONSTANT_CONVERSION = YES;
				CLANG_WARN_DEPRECATED_OBJC_IMPLEMENTATIONS = YES;
				CLANG_WARN_DIRECT_OBJC_ISA_USAGE = YES_ERROR;
				CLANG_WARN_DOCUMENTATION_COMMENTS = YES;
				CLANG_WARN_EMPTY_BODY = YES;
				CLANG_WARN_ENUM_CONVERSION = YES;
				CLANG_WARN_INFINITE_RECURSION = YES;
				CLANG_WARN_INT_CONVERSION = YES;
				CLANG_WARN_NON_LITERAL_NULL_CONVERSION = YES;
				CLANG_WARN_OBJC_IMPLICIT_RETAIN_SELF = YES;
				CLANG_WARN_OBJC_LITERAL_CONVERSION = YES;
				CLANG_WARN_OBJC_ROOT_CLASS = YES_ERROR;
				CLANG_WARN_QUOTED_INCLUDE_IN_FRAMEWORK_HEADER = YES;
				CLANG_WARN_RANGE_LOOP_ANALYSIS = YES;
				CLANG_WARN_STRICT_PROTOTYPES = YES;
				CLANG_WARN_SUSPICIOUS_MOVE = YES;
				CLANG_WARN_UNGUARDED_AVAILABILITY = YES_AGGRESSIVE;
				CLANG_WARN_UNREACHABLE_CODE = YES;
				CLANG_WARN__DUPLICATE_METHOD_MATCH = YES;
				COPY_PHASE_STRIP = NO;
				DEBUG_INFORMATION_FORMAT = "dwarf-with-dsym";
				ENABLE_NS_ASSERTIONS = NO;
				ENABLE_STRICT_OBJC_MSGSEND = YES;
				ENABLE_USER_SCRIPT_SANDBOXING = YES;
				GCC_C_LANGUAGE_STANDARD = gnu17;
				GCC_NO_COMMON_BLOCKS = YES;
				GCC_WARN_64_TO_32_BIT_CONVERSION = YES;
				GCC_WARN_ABOUT_RETURN_TYPE = YES_ERROR;
				GCC_WARN_UNDECLARED_SELECTOR = YES;
				GCC_WARN_UNINITIALIZED_AUTOS = YES_AGGRESSIVE;
				GCC_WARN_UNUSED_FUNCTION = YES;
				GCC_WARN_UNUSED_VARIABLE = YES;
				IPHONEOS_DEPLOYMENT_TARGET = 17.5;
				LOCALIZATION_PREFERS_STRING_CATALOGS = YES;
				MTL_ENABLE_DEBUG_INFO = NO;
				MTL_FAST_MATH = YES;
				SDKROOT = iphoneos;
				SWIFT_COMPILATION_MODE = wholemodule;
				VALIDATE_PRODUCT = YES;
			};
			name = Release;
		};
		D9AC30952D9529E200A51ADE /* Debug */ = {
			isa = XCBuildConfiguration;
			buildSettings = {
				ASSETCATALOG_COMPILER_APPICON_NAME = AppIcon;
				ASSETCATALOG_COMPILER_GLOBAL_ACCENT_COLOR_NAME = AccentColor;
				CODE_SIGN_STYLE = Automatic;
				CURRENT_PROJECT_VERSION = 1;
				DEVELOPMENT_TEAM = 96279EN9YW;
				GENERATE_INFOPLIST_FILE = YES;
				INFOPLIST_FILE = autoDrive/Info.plist;
				INFOPLIST_KEY_UIApplicationSupportsIndirectInputEvents = YES;
				INFOPLIST_KEY_UILaunchStoryboardName = LaunchScreen;
				INFOPLIST_KEY_UIMainStoryboardFile = Main;
				INFOPLIST_KEY_UISupportedInterfaceOrientations_iPad = "UIInterfaceOrientationPortrait UIInterfaceOrientationPortraitUpsideDown UIInterfaceOrientationLandscapeLeft UIInterfaceOrientationLandscapeRight";
				INFOPLIST_KEY_UISupportedInterfaceOrientations_iPhone = "UIInterfaceOrientationPortrait UIInterfaceOrientationLandscapeLeft UIInterfaceOrientationLandscapeRight";
				LD_RUNPATH_SEARCH_PATHS = (
					"$(inherited)",
					"@executable_path/Frameworks",
				);
				MARKETING_VERSION = 1.0;
				PRODUCT_BUNDLE_IDENTIFIER = com.autoDrive.slogan.autoDrive;
				PRODUCT_NAME = "$(TARGET_NAME)";
				SWIFT_EMIT_LOC_STRINGS = YES;
				SWIFT_VERSION = 5.0;
				TARGETED_DEVICE_FAMILY = "1,2";
			};
			name = Debug;
		};
		D9AC30962D9529E200A51ADE /* Release */ = {
			isa = XCBuildConfiguration;
			buildSettings = {
				ASSETCATALOG_COMPILER_APPICON_NAME = AppIcon;
				ASSETCATALOG_COMPILER_GLOBAL_ACCENT_COLOR_NAME = AccentColor;
				CODE_SIGN_STYLE = Automatic;
				CURRENT_PROJECT_VERSION = 1;
				DEVELOPMENT_TEAM = 96279EN9YW;
				GENERATE_INFOPLIST_FILE = YES;
				INFOPLIST_FILE = autoDrive/Info.plist;
				INFOPLIST_KEY_UIApplicationSupportsIndirectInputEvents = YES;
				INFOPLIST_KEY_UILaunchStoryboardName = LaunchScreen;
				INFOPLIST_KEY_UIMainStoryboardFile = Main;
				INFOPLIST_KEY_UISupportedInterfaceOrientations_iPad = "UIInterfaceOrientationPortrait UIInterfaceOrientationPortraitUpsideDown UIInterfaceOrientationLandscapeLeft UIInterfaceOrientationLandscapeRight";
				INFOPLIST_KEY_UISupportedInterfaceOrientations_iPhone = "UIInterfaceOrientationPortrait UIInterfaceOrientationLandscapeLeft UIInterfaceOrientationLandscapeRight";
				LD_RUNPATH_SEARCH_PATHS = (
					"$(inherited)",
					"@executable_path/Frameworks",
				);
				MARKETING_VERSION = 1.0;
				PRODUCT_BUNDLE_IDENTIFIER = com.autoDrive.slogan.autoDrive;
				PRODUCT_NAME = "$(TARGET_NAME)";
				SWIFT_EMIT_LOC_STRINGS = YES;
				SWIFT_VERSION = 5.0;
				TARGETED_DEVICE_FAMILY = "1,2";
			};
			name = Release;
		};
		D9AC30982D9529E200A51ADE /* Debug */ = {
			isa = XCBuildConfiguration;
			buildSettings = {
				ALWAYS_EMBED_SWIFT_STANDARD_LIBRARIES = YES;
				BUNDLE_LOADER = "$(TEST_HOST)";
				CODE_SIGN_STYLE = Automatic;
				CURRENT_PROJECT_VERSION = 1;
				DEVELOPMENT_TEAM = 96279EN9YW;
				GENERATE_INFOPLIST_FILE = YES;
				IPHONEOS_DEPLOYMENT_TARGET = 17.5;
				MARKETING_VERSION = 1.0;
				PRODUCT_BUNDLE_IDENTIFIER = com.autoDrive.slogan.autoDriveTests;
				PRODUCT_NAME = "$(TARGET_NAME)";
				SWIFT_EMIT_LOC_STRINGS = NO;
				SWIFT_VERSION = 5.0;
				TARGETED_DEVICE_FAMILY = "1,2";
				TEST_HOST = "$(BUILT_PRODUCTS_DIR)/autoDrive.app/$(BUNDLE_EXECUTABLE_FOLDER_PATH)/autoDrive";
			};
			name = Debug;
		};
		D9AC30992D9529E200A51ADE /* Release */ = {
			isa = XCBuildConfiguration;
			buildSettings = {
				ALWAYS_EMBED_SWIFT_STANDARD_LIBRARIES = YES;
				BUNDLE_LOADER = "$(TEST_HOST)";
				CODE_SIGN_STYLE = Automatic;
				CURRENT_PROJECT_VERSION = 1;
				DEVELOPMENT_TEAM = 96279EN9YW;
				GENERATE_INFOPLIST_FILE = YES;
				IPHONEOS_DEPLOYMENT_TARGET = 17.5;
				MARKETING_VERSION = 1.0;
				PRODUCT_BUNDLE_IDENTIFIER = com.autoDrive.slogan.autoDriveTests;
				PRODUCT_NAME = "$(TARGET_NAME)";
				SWIFT_EMIT_LOC_STRINGS = NO;
				SWIFT_VERSION = 5.0;
				TARGETED_DEVICE_FAMILY = "1,2";
				TEST_HOST = "$(BUILT_PRODUCTS_DIR)/autoDrive.app/$(BUNDLE_EXECUTABLE_FOLDER_PATH)/autoDrive";
			};
			name = Release;
		};
		D9AC309B2D9529E200A51ADE /* Debug */ = {
			isa = XCBuildConfiguration;
			buildSettings = {
				ALWAYS_EMBED_SWIFT_STANDARD_LIBRARIES = YES;
				CODE_SIGN_STYLE = Automatic;
				CURRENT_PROJECT_VERSION = 1;
				DEVELOPMENT_TEAM = 96279EN9YW;
				GENERATE_INFOPLIST_FILE = YES;
				MARKETING_VERSION = 1.0;
				PRODUCT_BUNDLE_IDENTIFIER = com.autoDrive.slogan.autoDriveUITests;
				PRODUCT_NAME = "$(TARGET_NAME)";
				SWIFT_EMIT_LOC_STRINGS = NO;
				SWIFT_VERSION = 5.0;
				TARGETED_DEVICE_FAMILY = "1,2";
				TEST_TARGET_NAME = autoDrive;
			};
			name = Debug;
		};
		D9AC309C2D9529E200A51ADE /* Release */ = {
			isa = XCBuildConfiguration;
			buildSettings = {
				ALWAYS_EMBED_SWIFT_STANDARD_LIBRARIES = YES;
				CODE_SIGN_STYLE = Automatic;
				CURRENT_PROJECT_VERSION = 1;
				DEVELOPMENT_TEAM = 96279EN9YW;
				GENERATE_INFOPLIST_FILE = YES;
				MARKETING_VERSION = 1.0;
				PRODUCT_BUNDLE_IDENTIFIER = com.autoDrive.slogan.autoDriveUITests;
				PRODUCT_NAME = "$(TARGET_NAME)";
				SWIFT_EMIT_LOC_STRINGS = NO;
				SWIFT_VERSION = 5.0;
				TARGETED_DEVICE_FAMILY = "1,2";
				TEST_TARGET_NAME = autoDrive;
			};
			name = Release;
		};
/* End XCBuildConfiguration section */

/* Begin XCConfigurationList section */
		D9AC30652D9529E100A51ADE /* Build configuration list for PBXProject "autoDrive" */ = {
			isa = XCConfigurationList;
			buildConfigurations = (
				D9AC30922D9529E200A51ADE /* Debug */,
				D9AC30932D9529E200A51ADE /* Release */,
			);
			defaultConfigurationIsVisible = 0;
			defaultConfigurationName = Release;
		};
		D9AC30942D9529E200A51ADE /* Build configuration list for PBXNativeTarget "autoDrive" */ = {
			isa = XCConfigurationList;
			buildConfigurations = (
				D9AC30952D9529E200A51ADE /* Debug */,
				D9AC30962D9529E200A51ADE /* Release */,
			);
			defaultConfigurationIsVisible = 0;
			defaultConfigurationName = Release;
		};
		D9AC30972D9529E200A51ADE /* Build configuration list for PBXNativeTarget "autoDriveTests" */ = {
			isa = XCConfigurationList;
			buildConfigurations = (
				D9AC30982D9529E200A51ADE /* Debug */,
				D9AC30992D9529E200A51ADE /* Release */,
			);
			defaultConfigurationIsVisible = 0;
			defaultConfigurationName = Release;
		};
		D9AC309A2D9529E200A51ADE /* Build configuration list for PBXNativeTarget "autoDriveUITests" */ = {
			isa = XCConfigurationList;
			buildConfigurations = (
				D9AC309B2D9529E200A51ADE /* Debug */,
				D9AC309C2D9529E200A51ADE /* Release */,
			);
			defaultConfigurationIsVisible = 0;
			defaultConfigurationName = Release;
		};
/* End XCConfigurationList section */
	};
	rootObject = D9AC30622D9529E100A51ADE /* Project object */;
}
